{
  "version": "4",
  "specifiers": {
    "jsr:@hono/hono@^4.6.20": "4.6.20",
    "jsr:@std/bytes@^1.0.2": "1.0.5",
    "jsr:@std/crypto@^1.0.3": "1.0.4",
    "jsr:@std/dotenv@*": "0.225.3",
    "jsr:@std/uuid@*": "1.0.4",
    "npm:@hono/zod-validator@*": "0.4.2_hono@4.7.0_zod@3.24.2",
    "npm:@types/node@*": "22.5.4",
    "npm:postgres@*": "3.4.5",
    "npm:zod@*": "3.24.2"
  },
  "jsr": {
    "@hono/hono@4.6.20": {
      "integrity": "0db02d7b80db67a17e18b434c6105af002412cada5e908013086eb9fa9466a87"
    },
    "@std/bytes@1.0.5": {
      "integrity": "4465dd739d7963d964c809202ebea6d5c6b8e3829ef25c6a224290fbb8a1021e"
    },
    "@std/crypto@1.0.4": {
      "integrity": "cee245c453bd5366207f4d8aa25ea3e9c86cecad2be3fefcaa6cb17203d79340"
    },
    "@std/dotenv@0.225.3": {
      "integrity": "a95e5b812c27b0854c52acbae215856d9cce9d4bbf774d938c51d212711e8d4a"
    },
    "@std/uuid@1.0.4": {
      "integrity": "f4233149cc8b4753cc3763fd83a7c4101699491f55c7be78dc7b30281946d7a0",
      "dependencies": [
        "jsr:@std/bytes",
        "jsr:@std/crypto"
      ]
    }
  },
  "npm": {
    "@hono/zod-validator@0.4.2_hono@4.7.0_zod@3.24.2": {
      "integrity": "sha512-1rrlBg+EpDPhzOV4hT9pxr5+xDVmKuz6YJl+la7VCwK6ass5ldyKm5fD+umJdV2zhHD6jROoCCv8NbTwyfhT0g==",
      "dependencies": [
        "hono",
        "zod"
      ]
    },
    "@types/node@22.5.4": {
      "integrity": "sha512-FDuKUJQm/ju9fT/SeX/6+gBzoPzlVCzfzmGkwKvRHQVxi4BntVbyIwf6a4Xn62mrvndLiml6z/UBXIdEVjQLXg==",
      "dependencies": [
        "undici-types"
      ]
    },
    "hono@4.7.0": {
      "integrity": "sha512-hV97aIR4WYbG30k234sD9B3VNr1ZWdQRmrVF76LKFlmI7O9Yo70mG9+mFwyQ6Sjrz4wH71GfnBxv6CPjcx3QNw=="
    },
    "postgres@3.4.5": {
      "integrity": "sha512-cDWgoah1Gez9rN3H4165peY9qfpEo+SA61oQv65O3cRUE1pOEoJWwddwcqKE8XZYjbblOJlYDlLV4h67HrEVDg=="
    },
    "undici-types@6.19.8": {
      "integrity": "sha512-ve2KP6f/JnbPBFyobGHuerC9g1FYGn/F8n1LWTwNxCEzd6IfqTwUQcNXgEtmmQ6DlRrC1hrSrBnCZPokRrDHjw=="
    },
    "zod@3.24.2": {
      "integrity": "sha512-lY7CDW43ECgW9u1TcT3IoXHflywfVqDYze4waEz812jR/bZ8FHDsl7pFQoSZTz5N+2NqRXs8GBwnAwo3ZNxqhQ=="
    }
  },
  "workspace": {
    "dependencies": [
      "jsr:@hono/hono@^4.6.20",
      "npm:zod@*"
    ]
  }
}
